
Microsoft Visual Studio Solution File, Format Version 12.00
# Visual Studio Version 16
VisualStudioVersion = 16.0.30320.27
MinimumVisualStudioVersion = 10.0.40219.1
Project("{FAE04EC0-301F-11D3-BF4B-00C04F79EFBC}") = "Task 1", "Task 1\Task 1.csproj", "{5DDCD1AC-D0DC-4A88-AD89-7C71667ABBF5}"
EndProject
Global
	GlobalSection(SolutionConfigurationPlatforms) = preSolution
		Debug|Any CPU = Debug|Any CPU
		Release|Any CPU = Release|Any CPU
	EndGlobalSection
	GlobalSection(ProjectConfigurationPlatforms) = postSolution
		{5DDCD1AC-D0DC-4A88-AD89-7C71667ABBF5}.Debug|Any CPU.ActiveCfg = Debug|Any CPU
		{5DDCD1AC-D0DC-4A88-AD89-7C71667ABBF5}.Debug|Any CPU.Build.0 = Debug|Any CPU
		{5DDCD1AC-D0DC-4A88-AD89-7C71667ABBF5}.Release|Any CPU.ActiveCfg = Release|Any CPU
		{5DDCD1AC-D0DC-4A88-AD89-7C71667ABBF5}.Release|Any CPU.Build.0 = Release|Any CPU
	EndGlobalSection
	GlobalSection(SolutionProperties) = preSolution
		HideSolutionNode = FALSE
	EndGlobalSection
	GlobalSection(ExtensibilityGlobals) = postSolution
		SolutionGuid = {D18E87D7-0D0B-4EC3-8A28-F1DC5FD31825}
	EndGlobalSection
EndGlobal
